
Microsoft Visual Studio Solution File, Format Version 11.00
# Visual Studio 2010
Project("{FAE04EC0-301F-11D3-BF4B-00C04F79EFBC}") = "2.5Calculator", "2.5Calculator\2.5Calculator.csproj", "{03E69C1F-F407-4A79-9A1E-083D5A05B01A}"
EndProject
Global
	GlobalSection(SolutionConfigurationPlatforms) = preSolution
		Debug|x86 = Debug|x86
		Release|x86 = Release|x86
	EndGlobalSection
	GlobalSection(ProjectConfigurationPlatforms) = postSolution
		{03E69C1F-F407-4A79-9A1E-083D5A05B01A}.Debug|x86.ActiveCfg = Debug|x86
		{03E69C1F-F407-4A79-9A1E-083D5A05B01A}.Debug|x86.Build.0 = Debug|x86
		{03E69C1F-F407-4A79-9A1E-083D5A05B01A}.Release|x86.ActiveCfg = Release|x86
		{03E69C1F-F407-4A79-9A1E-083D5A05B01A}.Release|x86.Build.0 = Release|x86
	EndGlobalSection
	GlobalSection(SolutionProperties) = preSolution
		HideSolutionNode = FALSE
	EndGlobalSection
EndGlobal
